{
    "_readme": [
        "This file locks the dependencies of your project to a known state",
        "Read more about it at https://getcomposer.org/doc/01-basic-usage.md#installing-dependencies",
        "This file is @generated automatically"
    ],
    "content-hash": "cf2a7baf3fc17ce36047e39f41c1d6e1",
    "packages": [
        {
            "name": "cmb2/cmb2",
            "version": "dev-master",
            "source": {
                "type": "git",
                "url": "https://github.com/CMB2/CMB2.git",
                "reference": "7bce941075f24fe4d991434014c4b860fec62f3d"
            },
            "dist": {
                "type": "zip",
                "url": "https://api.github.com/repos/CMB2/CMB2/zipball/7bce941075f24fe4d991434014c4b860fec62f3d",
                "reference": "7bce941075f24fe4d991434014c4b860fec62f3d",
                "shasum": ""
            },
            "require": {
                "php": ">5.2.4"
            },
            "require-dev": {
                "apigen/apigen": "4.1.2",
                "awesomemotive/am-cli-tools": ">=1.3.1",
                "nette/utils": "2.5.3",
                "phpunit/phpunit": "^6.5",
                "yoast/phpunit-polyfills": "^1.0"
            },
            "suggest": {
                "composer/installers": "~1.0"
            },
            "type": "wordpress-plugin",
            "notification-url": "https://packagist.org/downloads/",
            "license": [
                "GPL-2.0-or-later"
            ],
            "authors": [
                {
                    "name": "Justin Sternberg",
                    "email": "justin@dsgnwrks.pro",
                    "homepage": "https://dsgnwrks.pro",
                    "role": "Developer"
                },
                {
                    "name": "WebDevStudios",
                    "email": "contact@webdevstudios.com",
                    "homepage": "https://github.com/WebDevStudios",
                    "role": "Developer"
                }
            ],
            "description": "CMB2 is a metabox, custom fields, and forms library for WordPress that will blow your mind.",
            "homepage": "https://github.com/CMB2/CMB2",
            "keywords": [
                "metabox",
                "plugin",
                "wordpress"
            ],
            "support": {
                "issues": "https://github.com/CMB2/CMB2/issues",
                "source": "http://wordpress.org/support/plugin/cmb2"
            },
            "time": "2022-02-22T14:28:12+00:00"
        },
        {
            "name": "vyfakturuj/vyfakturuj-api-php",
            "version": "v2.5.1",
            "source": {
                "type": "git",
                "url": "https://github.com/redbitcz/vyfakturuj-api-php.git",
                "reference": "add636244dbb9d7b02f0af07f4cf4d44a1cfb149"
            },
            "dist": {
                "type": "zip",
                "url": "https://api.github.com/repos/redbitcz/vyfakturuj-api-php/zipball/add636244dbb9d7b02f0af07f4cf4d44a1cfb149",
                "reference": "add636244dbb9d7b02f0af07f4cf4d44a1cfb149",
                "shasum": ""
            },
            "require": {
                "ext-curl": "*",
                "ext-json": "*",
                "php": ">=5.6.0"
            },
            "suggest": {
                "composer/ca-bundle": "Umožňuje ověřit SSL certifikáty serveru"
            },
            "type": "library",
            "autoload": {
                "classmap": [
                    "libs/"
                ]
            },
            "notification-url": "https://packagist.org/downloads/",
            "license": [
                "MIT"
            ],
            "authors": [
                {
                    "name": "Redbit s.r.o.",
                    "homepage": "https://www.redbit.cz/"
                }
            ],
            "description": "Vyfakturuj API",
            "homepage": "https://www.vyfakturuj.cz/api/",
            "keywords": [
                "api",
                "faktura",
                "vyfakturuj"
            ],
            "support": {
                "email": "info@vyfakturuj.cz",
                "issues": "https://github.com/redbitcz/vyfakturuj-api-php/issues",
                "source": "https://github.com/redbitcz/vyfakturuj-api-php/tree/v2.5.1"
            },
            "time": "2021-02-08T09:14:24+00:00"
        },
        {
            "name": "webdevstudios/cmb2-post-search-field",
            "version": "dev-master",
            "source": {
                "type": "git",
                "url": "https://github.com/CMB2/CMB2-Post-Search-field.git",
                "reference": "262559872d03815c1dfc5bbd95a6f71dc69728a9"
            },
            "dist": {
                "type": "zip",
                "url": "https://api.github.com/repos/CMB2/CMB2-Post-Search-field/zipball/262559872d03815c1dfc5bbd95a6f71dc69728a9",
                "reference": "262559872d03815c1dfc5bbd95a6f71dc69728a9",
                "shasum": ""
            },
            "require": {
                "php": ">5.2.4"
            },
            "suggest": {
                "composer/installers": "~1.0"
            },
            "default-branch": true,
            "type": "wordpress-plugin",
            "notification-url": "https://packagist.org/downloads/",
            "license": [
                "GPL-2.0+"
            ],
            "authors": [
                {
                    "name": "Justin Sternberg",
                    "email": "justin@dsgnwrks.pro",
                    "homepage": "https://dsgnwrks.pro",
                    "role": "Developer"
                },
                {
                    "name": "WebDevStudios",
                    "email": "contact@webdevstudios.com",
                    "homepage": "https://github.com/WebDevStudios",
                    "role": "Developer"
                }
            ],
            "description": "Custom field for CMB2 which adds a post-search dialog for searching/attaching other post IDs.",
            "homepage": "https://github.com/CMB2/CMB2",
            "keywords": [
                "field",
                "metabox",
                "plugin",
                "search",
                "wordpress"
            ],
            "support": {
                "issues": "https://github.com/CMB2/CMB2-Post-Search-field/issues",
                "source": "https://github.com/CMB2/CMB2-Post-Search-field"
            },
            "time": "2019-05-06T18:50:39+00:00"
        }
    ],
    "packages-dev": [],
    "aliases": [],
    "minimum-stability": "stable",
    "stability-flags": {
        "cmb2/cmb2": 20,
        "webdevstudios/cmb2-post-search-field": 20
    },
    "prefer-stable": false,
    "prefer-lowest": false,
    "platform": {
        "php": ">=7.0",
        "ext-json": "*"
    },
    "platform-dev": [],
    "plugin-api-version": "2.6.0"
}
