{
    "_readme": [
        "This file locks the dependencies of your project to a known state",
        "Read more about it at https://getcomposer.org/doc/01-basic-usage.md#installing-dependencies",
        "This file is @generated automatically"
    ],
    "content-hash": "6b6e70862f0e367df758e4f80b3d9925",
    "packages": [
        {
            "name": "cmb2/cmb2",
            "version": "dev-master",
            "source": {
                "type": "git",
                "url": "https://github.com/CMB2/CMB2.git",
                "reference": "008d9b83263d971d6bd41c27e31113db852d5ef3"
            },
            "dist": {
                "type": "zip",
                "url": "https://api.github.com/repos/CMB2/CMB2/zipball/008d9b83263d971d6bd41c27e31113db852d5ef3",
                "reference": "008d9b83263d971d6bd41c27e31113db852d5ef3",
                "shasum": ""
            },
            "require": {
                "php": ">5.2.4"
            },
            "require-dev": {
                "apigen/apigen": "4.1.2",
                "nette/utils": "2.5.3",
                "phpunit/phpunit": "6.5.13"
            },
            "suggest": {
                "composer/installers": "~1.0"
            },
            "type": "wordpress-plugin",
            "notification-url": "https://packagist.org/downloads/",
            "license": [
                "GPL-2.0-or-later"
            ],
            "authors": [
                {
                    "name": "WebDevStudios",
                    "email": "contact@webdevstudios.com",
                    "homepage": "https://github.com/WebDevStudios",
                    "role": "Developer"
                },
                {
                    "name": "Justin Sternberg",
                    "email": "justin@dsgnwrks.pro",
                    "homepage": "https://dsgnwrks.pro",
                    "role": "Developer"
                }
            ],
            "description": "CMB2 is a metabox, custom fields, and forms library for WordPress that will blow your mind.",
            "homepage": "https://github.com/CMB2/CMB2",
            "keywords": [
                "metabox",
                "plugin",
                "wordpress"
            ],
            "time": "2019-01-21T04:30:08+00:00"
        },
        {
            "name": "vyfakturuj/vyfakturuj-api-php",
            "version": "v2.4.1",
            "source": {
                "type": "git",
                "url": "https://github.com/redbitcz/vyfakturuj-api-php.git",
                "reference": "8d70aed2c05ec9d311a23477712ea69e3a46de74"
            },
            "dist": {
                "type": "zip",
                "url": "https://api.github.com/repos/redbitcz/vyfakturuj-api-php/zipball/8d70aed2c05ec9d311a23477712ea69e3a46de74",
                "reference": "8d70aed2c05ec9d311a23477712ea69e3a46de74",
                "shasum": ""
            },
            "require": {
                "ext-curl": "*",
                "ext-json": "*",
                "php": ">=5.6.0"
            },
            "suggest": {
                "composer/ca-bundle": "Umožňuje ověřit SSL certifikáty serveru"
            },
            "type": "library",
            "autoload": {
                "classmap": [
                    "libs/"
                ]
            },
            "notification-url": "https://packagist.org/downloads/",
            "license": [
                "MIT"
            ],
            "authors": [
                {
                    "name": "Redbit s.r.o.",
                    "homepage": "https://www.redbit.cz/"
                }
            ],
            "description": "Vyfakturuj API",
            "homepage": "https://www.vyfakturuj.cz/api/",
            "keywords": [
                "api",
                "faktura",
                "vyfakturuj"
            ],
            "time": "2019-12-06T11:51:20+00:00"
        },
        {
            "name": "webdevstudios/cmb2-post-search-field",
            "version": "dev-master",
            "source": {
                "type": "git",
                "url": "https://github.com/CMB2/CMB2-Post-Search-field.git",
                "reference": "262559872d03815c1dfc5bbd95a6f71dc69728a9"
            },
            "dist": {
                "type": "zip",
                "url": "https://api.github.com/repos/CMB2/CMB2-Post-Search-field/zipball/262559872d03815c1dfc5bbd95a6f71dc69728a9",
                "reference": "262559872d03815c1dfc5bbd95a6f71dc69728a9",
                "shasum": ""
            },
            "require": {
                "php": ">5.2.4"
            },
            "suggest": {
                "composer/installers": "~1.0"
            },
            "type": "wordpress-plugin",
            "notification-url": "https://packagist.org/downloads/",
            "license": [
                "GPL-2.0+"
            ],
            "authors": [
                {
                    "name": "WebDevStudios",
                    "email": "contact@webdevstudios.com",
                    "homepage": "https://github.com/WebDevStudios",
                    "role": "Developer"
                },
                {
                    "name": "Justin Sternberg",
                    "email": "justin@dsgnwrks.pro",
                    "homepage": "https://dsgnwrks.pro",
                    "role": "Developer"
                }
            ],
            "description": "Custom field for CMB2 which adds a post-search dialog for searching/attaching other post IDs.",
            "homepage": "https://github.com/CMB2/CMB2",
            "keywords": [
                "field",
                "metabox",
                "plugin",
                "search",
                "wordpress"
            ],
            "time": "2019-05-06T18:50:39+00:00"
        }
    ],
    "packages-dev": [],
    "aliases": [],
    "minimum-stability": "stable",
    "stability-flags": {
        "cmb2/cmb2": 20,
        "webdevstudios/cmb2-post-search-field": 20
    },
    "prefer-stable": false,
    "prefer-lowest": false,
    "platform": {
        "php": ">=5.6.0"
    },
    "platform-dev": []
}
